Microsoft Visual Studio Solution File, Format Version 12.00
# Visual Studio Version 17
VisualStudioVersion = 17.5.2.0
MinimumVisualStudioVersion = 10.0.40219.1
Project("{FAE04EC0-301F-11D3-BF4B-00C04F79EFBC}") = "DiplomovaPrace", "DiplomovaPrace\DiplomovaPrace.csproj", "{FAB2FF76-921C-B08D-D19F-FC248CE56835}"
EndProject
Global
	GlobalSection(SolutionConfigurationPlatforms) = preSolution
		Debug|Any CPU = Debug|Any CPU
		Release|Any CPU = Release|Any CPU
	EndGlobalSection
	GlobalSection(ProjectConfigurationPlatforms) = postSolution
		{FAB2FF76-921C-B08D-D19F-FC248CE56835}.Debug|Any CPU.ActiveCfg = Debug|Any CPU
		{FAB2FF76-921C-B08D-D19F-FC248CE56835}.Debug|Any CPU.Build.0 = Debug|Any CPU
		{FAB2FF76-921C-B08D-D19F-FC248CE56835}.Release|Any CPU.ActiveCfg = Release|Any CPU
		{FAB2FF76-921C-B08D-D19F-FC248CE56835}.Release|Any CPU.Build.0 = Release|Any CPU
	EndGlobalSection
	GlobalSection(SolutionProperties) = preSolution
		HideSolutionNode = FALSE
	EndGlobalSection
	GlobalSection(ExtensibilityGlobals) = postSolution
		SolutionGuid = {2F619C31-3A1A-425F-836F-91AFDA70F43E}
	EndGlobalSection
EndGlobal
